<Solution>
  <Folder Name="/src/" />
  <Folder Name="/src/Gateway/">
    <Project Path="src/Gateway/ApiGateway/ApiGateway.csproj" />
  </Folder>
  <Folder Name="/src/Services/">
    <Project Path="src/Services/AdminService/AdminService.csproj" />
    <Project Path="src/Services/ApplicationService/ApplicationService.csproj" />
    <Project Path="src/Services/IdentityService/IdentityService.csproj" />
    <Project Path="src/Services/JobCatalogService/JobCatalogService.csproj" />
    <Project Path="src/Services/NotificationService/NotificationService.csproj" />
    <Project Path="src/Services/PaymentService/PaymentService.csproj" />
    <Project Path="src/Services/RecruiterService/RecruiterService.csproj" />
    <Project Path="src/Services/ResumeService/ResumeService.csproj" />
  </Folder>
  <Folder Name="/src/Shared/">
    <Project Path="src/Shared/Shared.Common/Shared.Common.csproj" />
    <Project Path="src/Shared/Shared.Contracts/Shared.Contracts.csproj" />
  </Folder>
</Solution>
